
Microsoft Visual Studio Solution File, Format Version 12.00
# Visual Studio Version 17
VisualStudioVersion = 17.8.34511.84
MinimumVisualStudioVersion = 10.0.40219.1
Project("{9A19103F-16F7-4668-BE54-9A1E7A4F7556}") = "MahmoodRezaAsadi.Web", "MahmoodRezaAsadi.Web\MahmoodRezaAsadi.Web.csproj", "{7B6EAF4D-A450-464A-8BCC-1DD8B37579BC}"
EndProject
Project("{9A19103F-16F7-4668-BE54-9A1E7A4F7556}") = "DataLayer", "DataLayer\DataLayer.csproj", "{4C333C39-8593-46BA-9CC2-ADBA2F769464}"
EndProject
Project("{9A19103F-16F7-4668-BE54-9A1E7A4F7556}") = "Core", "Core\Core.csproj", "{212728F0-C7EF-4208-A9ED-5071D329DB94}"
EndProject
Global
	GlobalSection(SolutionConfigurationPlatforms) = preSolution
		Debug|Any CPU = Debug|Any CPU
		Release|Any CPU = Release|Any CPU
	EndGlobalSection
	GlobalSection(ProjectConfigurationPlatforms) = postSolution
		{7B6EAF4D-A450-464A-8BCC-1DD8B37579BC}.Debug|Any CPU.ActiveCfg = Debug|Any CPU
		{7B6EAF4D-A450-464A-8BCC-1DD8B37579BC}.Debug|Any CPU.Build.0 = Debug|Any CPU
		{7B6EAF4D-A450-464A-8BCC-1DD8B37579BC}.Release|Any CPU.ActiveCfg = Release|Any CPU
		{7B6EAF4D-A450-464A-8BCC-1DD8B37579BC}.Release|Any CPU.Build.0 = Release|Any CPU
		{4C333C39-8593-46BA-9CC2-ADBA2F769464}.Debug|Any CPU.ActiveCfg = Debug|Any CPU
		{4C333C39-8593-46BA-9CC2-ADBA2F769464}.Debug|Any CPU.Build.0 = Debug|Any CPU
		{4C333C39-8593-46BA-9CC2-ADBA2F769464}.Release|Any CPU.ActiveCfg = Release|Any CPU
		{4C333C39-8593-46BA-9CC2-ADBA2F769464}.Release|Any CPU.Build.0 = Release|Any CPU
		{212728F0-C7EF-4208-A9ED-5071D329DB94}.Debug|Any CPU.ActiveCfg = Debug|Any CPU
		{212728F0-C7EF-4208-A9ED-5071D329DB94}.Debug|Any CPU.Build.0 = Debug|Any CPU
		{212728F0-C7EF-4208-A9ED-5071D329DB94}.Release|Any CPU.ActiveCfg = Release|Any CPU
		{212728F0-C7EF-4208-A9ED-5071D329DB94}.Release|Any CPU.Build.0 = Release|Any CPU
	EndGlobalSection
	GlobalSection(SolutionProperties) = preSolution
		HideSolutionNode = FALSE
	EndGlobalSection
	GlobalSection(ExtensibilityGlobals) = postSolution
		SolutionGuid = {E9DC50B3-7887-4CD8-849D-52140327A04C}
	EndGlobalSection
EndGlobal
